
Microsoft Visual Studio Solution File, Format Version 12.00
# Visual Studio 15
VisualStudioVersion = 15.0.28307.779
MinimumVisualStudioVersion = 10.0.40219.1
Project("{FAE04EC0-301F-11D3-BF4B-00C04F79EFBC}") = "YACE", "YACE\YACE.csproj", "{DC999010-5988-43F2-88E0-5148710E9248}"
EndProject
Project("{FAE04EC0-301F-11D3-BF4B-00C04F79EFBC}") = "CardGame01", "CardGame01\CardGame\CardGame01.csproj", "{83F056BA-9BDF-4E86-8365-9FBE7E798AE5}"
EndProject
Project("{FAE04EC0-301F-11D3-BF4B-00C04F79EFBC}") = "JSGame01", "JSGame01\JSGame01.csproj", "{8EC8C641-D486-44EE-853C-F176A64D7108}"
EndProject
Project("{FAE04EC0-301F-11D3-BF4B-00C04F79EFBC}") = "CardGame02", "CardGame02\CardGame02.csproj", "{B30D5845-E3AD-46C6-8703-0890704D3C76}"
EndProject
Project("{FAE04EC0-301F-11D3-BF4B-00C04F79EFBC}") = "ConsoleGame02", "ConsoleGame02\ConsoleGame02.csproj", "{237E31F7-0E32-4778-BAB2-B7EBB460A954}"
EndProject
Global
	GlobalSection(SolutionConfigurationPlatforms) = preSolution
		Debug|Any CPU = Debug|Any CPU
		Release|Any CPU = Release|Any CPU
	EndGlobalSection
	GlobalSection(ProjectConfigurationPlatforms) = postSolution
		{DC999010-5988-43F2-88E0-5148710E9248}.Debug|Any CPU.ActiveCfg = Debug|Any CPU
		{DC999010-5988-43F2-88E0-5148710E9248}.Debug|Any CPU.Build.0 = Debug|Any CPU
		{DC999010-5988-43F2-88E0-5148710E9248}.Release|Any CPU.ActiveCfg = Release|Any CPU
		{DC999010-5988-43F2-88E0-5148710E9248}.Release|Any CPU.Build.0 = Release|Any CPU
		{83F056BA-9BDF-4E86-8365-9FBE7E798AE5}.Debug|Any CPU.ActiveCfg = Debug|Any CPU
		{83F056BA-9BDF-4E86-8365-9FBE7E798AE5}.Debug|Any CPU.Build.0 = Debug|Any CPU
		{83F056BA-9BDF-4E86-8365-9FBE7E798AE5}.Release|Any CPU.ActiveCfg = Release|Any CPU
		{83F056BA-9BDF-4E86-8365-9FBE7E798AE5}.Release|Any CPU.Build.0 = Release|Any CPU
		{8EC8C641-D486-44EE-853C-F176A64D7108}.Debug|Any CPU.ActiveCfg = Debug|Any CPU
		{8EC8C641-D486-44EE-853C-F176A64D7108}.Debug|Any CPU.Build.0 = Debug|Any CPU
		{8EC8C641-D486-44EE-853C-F176A64D7108}.Release|Any CPU.ActiveCfg = Release|Any CPU
		{8EC8C641-D486-44EE-853C-F176A64D7108}.Release|Any CPU.Build.0 = Release|Any CPU
		{B30D5845-E3AD-46C6-8703-0890704D3C76}.Debug|Any CPU.ActiveCfg = Debug|Any CPU
		{B30D5845-E3AD-46C6-8703-0890704D3C76}.Debug|Any CPU.Build.0 = Debug|Any CPU
		{B30D5845-E3AD-46C6-8703-0890704D3C76}.Release|Any CPU.ActiveCfg = Release|Any CPU
		{B30D5845-E3AD-46C6-8703-0890704D3C76}.Release|Any CPU.Build.0 = Release|Any CPU
		{237E31F7-0E32-4778-BAB2-B7EBB460A954}.Debug|Any CPU.ActiveCfg = Debug|Any CPU
		{237E31F7-0E32-4778-BAB2-B7EBB460A954}.Debug|Any CPU.Build.0 = Debug|Any CPU
		{237E31F7-0E32-4778-BAB2-B7EBB460A954}.Release|Any CPU.ActiveCfg = Release|Any CPU
		{237E31F7-0E32-4778-BAB2-B7EBB460A954}.Release|Any CPU.Build.0 = Release|Any CPU
	EndGlobalSection
	GlobalSection(SolutionProperties) = preSolution
		HideSolutionNode = FALSE
	EndGlobalSection
	GlobalSection(ExtensibilityGlobals) = postSolution
		SolutionGuid = {12C1C064-1D25-4479-B335-359788E32E34}
	EndGlobalSection
EndGlobal
